# This file is automatically @generated by Cargo.
# It is not intended for manual editing.
version = 4

[[package]]
name = "determinism-proto"
version = "0.1.0"

[[package]]
name = "synth-core"
version = "0.1.0"
dependencies = [
 "synth-proto",
]

[[package]]
name = "synth-proto"
version = "0.1.0"
dependencies = [
 "determinism-proto",
]

[[package]]
name = "synth-rng"
version = "0.1.0"

[[package]]
name = "synth-server"
version = "0.1.0"
dependencies = [
 "synth-core",
]
